
Microsoft Visual Studio Solution File, Format Version 12.00
# Visual Studio Version 17
VisualStudioVersion = 17.1.32228.430
MinimumVisualStudioVersion = 10.0.40219.1
Project("{9A19103F-16F7-4668-BE54-9A1E7A4F7556}") = "HotelReserSystem", "HotelReserSystem\HotelReserSystem.csproj", "{08BDA2FF-A70B-46E8-B911-1C0C7F2F158C}"
EndProject
Project("{2150E333-8FDC-42A3-9474-1A3956D46DE8}") = "Solution Items", "Solution Items", "{C4EF3DA3-4297-45AC-8318-E7389749CAA5}"
	ProjectSection(SolutionItems) = preProject
		.editorconfig = .editorconfig
	EndProjectSection
EndProject
Project("{2150E333-8FDC-42A3-9474-1A3956D46DE8}") = "photos", "photos", "{7E951767-CC63-4566-8C5A-1E9B5AD77FCD}"
	ProjectSection(SolutionItems) = preProject
		..\..\..\OneDrive\Desktop\Untitled.jpg = ..\..\..\OneDrive\Desktop\Untitled.jpg
	EndProjectSection
EndProject
Global
	GlobalSection(SolutionConfigurationPlatforms) = preSolution
		Debug|Any CPU = Debug|Any CPU
		Release|Any CPU = Release|Any CPU
	EndGlobalSection
	GlobalSection(ProjectConfigurationPlatforms) = postSolution
		{08BDA2FF-A70B-46E8-B911-1C0C7F2F158C}.Debug|Any CPU.ActiveCfg = Debug|Any CPU
		{08BDA2FF-A70B-46E8-B911-1C0C7F2F158C}.Debug|Any CPU.Build.0 = Debug|Any CPU
		{08BDA2FF-A70B-46E8-B911-1C0C7F2F158C}.Release|Any CPU.ActiveCfg = Release|Any CPU
		{08BDA2FF-A70B-46E8-B911-1C0C7F2F158C}.Release|Any CPU.Build.0 = Release|Any CPU
	EndGlobalSection
	GlobalSection(SolutionProperties) = preSolution
		HideSolutionNode = FALSE
	EndGlobalSection
	GlobalSection(ExtensibilityGlobals) = postSolution
		SolutionGuid = {EBF3A006-3701-4D51-A52C-43EF8EB7EF28}
	EndGlobalSection
EndGlobal
